// !$*UTF8*$!
{
	archiveVersion = 1;
	classes = {
	};
	objectVersion = 46;
	objects = {

/* Begin PBXBuildFile section */
		012842C41DC9E62400E81983 /* AppDelegate.swift in Sources */ = {isa = PBXBuildFile; fileRef = 012842C31DC9E62400E81983 /* AppDelegate.swift */; };
		012842C61DC9E62400E81983 /* ViewController.swift in Sources */ = {isa = PBXBuildFile; fileRef = 012842C51DC9E62400E81983 /* ViewController.swift */; };
		012842C91DC9E62400E81983 /* Main.storyboard in Resources */ = {isa = PBXBuildFile; fileRef = 012842C71DC9E62400E81983 /* Main.storyboard */; };
		012842CB1DC9E62400E81983 /* Assets.xcassets in Resources */ = {isa = PBXBuildFile; fileRef = 012842CA1DC9E62400E81983 /* Assets.xcassets */; };
		012842CE1DC9E62400E81983 /* LaunchScreen.storyboard in Resources */ = {isa = PBXBuildFile; fileRef = 012842CC1DC9E62400E81983 /* LaunchScreen.storyboard */; };
		01857CF61DC9EA5100BF4C8E /* pokemon.csv in Resources */ = {isa = PBXBuildFile; fileRef = 01857CF51DC9EA5100BF4C8E /* pokemon.csv */; };
		01857CF91DCA140D00BF4C8E /* Pokemon.swift in Sources */ = {isa = PBXBuildFile; fileRef = 01857CF81DCA140D00BF4C8E /* Pokemon.swift */; };
/* End PBXBuildFile section */

/* Begin PBXFileReference section */
		012842C01DC9E62400E81983 /* Pokedex3.app */ = {isa = PBXFileReference; explicitFileType = wrapper.application; includeInIndex = 0; path = Pokedex3.app; sourceTree = BUILT_PRODUCTS_DIR; };
		012842C31DC9E62400E81983 /* AppDelegate.swift */ = {isa = PBXFileReference; lastKnownFileType = sourcecode.swift; path = AppDelegate.swift; sourceTree = "<group>"; };
		012842C51DC9E62400E81983 /* ViewController.swift */ = {isa = PBXFileReference; lastKnownFileType = sourcecode.swift; path = ViewController.swift; sourceTree = "<group>"; };
		012842C81DC9E62400E81983 /* Base */ = {isa = PBXFileReference; lastKnownFileType = file.storyboard; name = Base; path = Base.lproj/Main.storyboard; sourceTree = "<group>"; };
		012842CA1DC9E62400E81983 /* Assets.xcassets */ = {isa = PBXFileReference; lastKnownFileType = folder.assetcatalog; path = Assets.xcassets; sourceTree = "<group>"; };
		012842CD1DC9E62400E81983 /* Base */ = {isa = PBXFileReference; lastKnownFileType = file.storyboard; name = Base; path = Base.lproj/LaunchScreen.storyboard; sourceTree = "<group>"; };
		012842CF1DC9E62400E81983 /* Info.plist */ = {isa = PBXFileReference; lastKnownFileType = text.plist.xml; path = Info.plist; sourceTree = "<group>"; };
		01857CF51DC9EA5100BF4C8E /* pokemon.csv */ = {isa = PBXFileReference; fileEncoding = 4; lastKnownFileType = text; path = pokemon.csv; sourceTree = "<group>"; };
		01857CF81DCA140D00BF4C8E /* Pokemon.swift */ = {isa = PBXFileReference; fileEncoding = 4; lastKnownFileType = sourcecode.swift; path = Pokemon.swift; sourceTree = "<group>"; };
/* End PBXFileReference section */

/* Begin PBXFrameworksBuildPhase section */
		012842BD1DC9E62400E81983 /* Frameworks */ = {
			isa = PBXFrameworksBuildPhase;
			buildActionMask = 2147483647;
			files = (
			);
			runOnlyForDeploymentPostprocessing = 0;
		};
/* End PBXFrameworksBuildPhase section */

/* Begin PBXGroup section */
		012842B71DC9E62400E81983 = {
			isa = PBXGroup;
			children = (
				012842C21DC9E62400E81983 /* Pokedex3 */,
				012842C11DC9E62400E81983 /* Products */,
			);
			sourceTree = "<group>";
		};
		012842C11DC9E62400E81983 /* Products */ = {
			isa = PBXGroup;
			children = (
				012842C01DC9E62400E81983 /* Pokedex3.app */,
			);
			name = Products;
			sourceTree = "<group>";
		};
		012842C21DC9E62400E81983 /* Pokedex3 */ = {
			isa = PBXGroup;
			children = (
				01857CF71DCA13FE00BF4C8E /* Model */,
				012842C31DC9E62400E81983 /* AppDelegate.swift */,
				012842C51DC9E62400E81983 /* ViewController.swift */,
				012842C71DC9E62400E81983 /* Main.storyboard */,
				012842CA1DC9E62400E81983 /* Assets.xcassets */,
				012842CC1DC9E62400E81983 /* LaunchScreen.storyboard */,
				01857CF51DC9EA5100BF4C8E /* pokemon.csv */,
				012842CF1DC9E62400E81983 /* Info.plist */,
			);
			path = Pokedex3;
			sourceTree = "<group>";
		};
		01857CF71DCA13FE00BF4C8E /* Model */ = {
			isa = PBXGroup;
			children = (
				01857CF81DCA140D00BF4C8E /* Pokemon.swift */,
			);
			name = Model;
			sourceTree = "<group>";
		};
/* End PBXGroup section */

/* Begin PBXNativeTarget section */
		012842BF1DC9E62400E81983 /* Pokedex3 */ = {
			isa = PBXNativeTarget;
			buildConfigurationList = 012842D21DC9E62400E81983 /* Build configuration list for PBXNativeTarget "Pokedex3" */;
			buildPhases = (
				012842BC1DC9E62400E81983 /* Sources */,
				012842BD1DC9E62400E81983 /* Frameworks */,
				012842BE1DC9E62400E81983 /* Resources */,
			);
			buildRules = (
			);
			dependencies = (
			);
			name = Pokedex3;
			productName = Pokedex3;
			productReference = 012842C01DC9E62400E81983 /* Pokedex3.app */;
			productType = "com.apple.product-type.application";
		};
/* End PBXNativeTarget section */

/* Begin PBXProject section */
		012842B81DC9E62400E81983 /* Project object */ = {
			isa = PBXProject;
			attributes = {
				LastSwiftUpdateCheck = 0810;
				LastUpgradeCheck = 0810;
				ORGANIZATIONNAME = "Patrick Gross";
				TargetAttributes = {
					012842BF1DC9E62400E81983 = {
						CreatedOnToolsVersion = 8.1;
						ProvisioningStyle = Automatic;
					};
				};
			};
			buildConfigurationList = 012842BB1DC9E62400E81983 /* Build configuration list for PBXProject "Pokedex3" */;
			compatibilityVersion = "Xcode 3.2";
			developmentRegion = English;
			hasScannedForEncodings = 0;
			knownRegions = (
				en,
				Base,
			);
			mainGroup = 012842B71DC9E62400E81983;
			productRefGroup = 012842C11DC9E62400E81983 /* Products */;
			projectDirPath = "";
			projectRoot = "";
			targets = (
				012842BF1DC9E62400E81983 /* Pokedex3 */,
			);
		};
/* End PBXProject section */

/* Begin PBXResourcesBuildPhase section */
		012842BE1DC9E62400E81983 /* Resources */ = {
			isa = PBXResourcesBuildPhase;
			buildActionMask = 2147483647;
			files = (
				012842CE1DC9E62400E81983 /* LaunchScreen.storyboard in Resources */,
				012842CB1DC9E62400E81983 /* Assets.xcassets in Resources */,
				01857CF61DC9EA5100BF4C8E /* pokemon.csv in Resources */,
				012842C91DC9E62400E81983 /* Main.storyboard in Resources */,
			);
			runOnlyForDeploymentPostprocessing = 0;
		};
/* End PBXResourcesBuildPhase section */

/* Begin PBXSourcesBuildPhase section */
		012842BC1DC9E62400E81983 /* Sources */ = {
			isa = PBXSourcesBuildPhase;
			buildActionMask = 2147483647;
			files = (
				012842C61DC9E62400E81983 /* ViewController.swift in Sources */,
				012842C41DC9E62400E81983 /* AppDelegate.swift in Sources */,
				01857CF91DCA140D00BF4C8E /* Pokemon.swift in Sources */,
			);
			runOnlyForDeploymentPostprocessing = 0;
		};
/* End PBXSourcesBuildPhase section */

/* Begin PBXVariantGroup section */
		012842C71DC9E62400E81983 /* Main.storyboard */ = {
			isa = PBXVariantGroup;
			children = (
				012842C81DC9E62400E81983 /* Base */,
			);
			name = Main.storyboard;
			sourceTree = "<group>";
		};
		012842CC1DC9E62400E81983 /* LaunchScreen.storyboard */ = {
			isa = PBXVariantGroup;
			children = (
				012842CD1DC9E62400E81983 /* Base */,
			);
			name = LaunchScreen.storyboard;
			sourceTree = "<group>";
		};
/* End PBXVariantGroup section */

/* Begin XCBuildConfiguration section */
		012842D01DC9E62400E81983 /* Debug */ = {
			isa = XCBuildConfiguration;
			buildSettings = {
				ALWAYS_SEARCH_USER_PATHS = NO;
				CLANG_ANALYZER_NONNULL = YES;
				CLANG_CXX_LANGUAGE_STANDARD = "gnu++0x";
				CLANG_CXX_LIBRARY = "libc++";
				CLANG_ENABLE_MODULES = YES;
				CLANG_ENABLE_OBJC_ARC = YES;
				CLANG_WARN_BOOL_CONVERSION = YES;
				CLANG_WARN_CONSTANT_CONVERSION = YES;
				CLANG_WARN_DIRECT_OBJC_ISA_USAGE = YES_ERROR;
				CLANG_WARN_DOCUMENTATION_COMMENTS = YES;
				CLANG_WARN_EMPTY_BODY = YES;
				CLANG_WARN_ENUM_CONVERSION = YES;
				CLANG_WARN_INFINITE_RECURSION = YES;
				CLANG_WARN_INT_CONVERSION = YES;
				CLANG_WARN_OBJC_ROOT_CLASS = YES_ERROR;
				CLANG_WARN_SUSPICIOUS_MOVES = YES;
				CLANG_WARN_UNREACHABLE_CODE = YES;
				CLANG_WARN__DUPLICATE_METHOD_MATCH = YES;
				"CODE_SIGN_IDENTITY[sdk=iphoneos*]" = "iPhone Developer";
				COPY_PHASE_STRIP = NO;
				DEBUG_INFORMATION_FORMAT = dwarf;
				ENABLE_STRICT_OBJC_MSGSEND = YES;
				ENABLE_TESTABILITY = YES;
				GCC_C_LANGUAGE_STANDARD = gnu99;
				GCC_DYNAMIC_NO_PIC = NO;
				GCC_NO_COMMON_BLOCKS = YES;
				GCC_OPTIMIZATION_LEVEL = 0;
				GCC_PREPROCESSOR_DEFINITIONS = (
					"DEBUG=1",
					"$(inherited)",
				);
				GCC_WARN_64_TO_32_BIT_CONVERSION = YES;
				GCC_WARN_ABOUT_RETURN_TYPE = YES_ERROR;
				GCC_WARN_UNDECLARED_SELECTOR = YES;
				GCC_WARN_UNINITIALIZED_AUTOS = YES_AGGRESSIVE;
				GCC_WARN_UNUSED_FUNCTION = YES;
				GCC_WARN_UNUSED_VARIABLE = YES;
				IPHONEOS_DEPLOYMENT_TARGET = 10.1;
				MTL_ENABLE_DEBUG_INFO = YES;
				ONLY_ACTIVE_ARCH = YES;
				SDKROOT = iphoneos;
				SWIFT_ACTIVE_COMPILATION_CONDITIONS = DEBUG;
				SWIFT_OPTIMIZATION_LEVEL = "-Onone";
				TARGETED_DEVICE_FAMILY = "1,2";
			};
			name = Debug;
		};
		012842D11DC9E62400E81983 /* Release */ = {
			isa = XCBuildConfiguration;
			buildSettings = {
				ALWAYS_SEARCH_USER_PATHS = NO;
				CLANG_ANALYZER_NONNULL = YES;
				CLANG_CXX_LANGUAGE_STANDARD = "gnu++0x";
				CLANG_CXX_LIBRARY = "libc++";
				CLANG_ENABLE_MODULES = YES;
				CLANG_ENABLE_OBJC_ARC = YES;
				CLANG_WARN_BOOL_CONVERSION = YES;
				CLANG_WARN_CONSTANT_CONVERSION = YES;
				CLANG_WARN_DIRECT_OBJC_ISA_USAGE = YES_ERROR;
				CLANG_WARN_DOCUMENTATION_COMMENTS = YES;
				CLANG_WARN_EMPTY_BODY = YES;
				CLANG_WARN_ENUM_CONVERSION = YES;
				CLANG_WARN_INFINITE_RECURSION = YES;
				CLANG_WARN_INT_CONVERSION = YES;
				CLANG_WARN_OBJC_ROOT_CLASS = YES_ERROR;
				CLANG_WARN_SUSPICIOUS_MOVES = YES;
				CLANG_WARN_UNREACHABLE_CODE = YES;
				CLANG_WARN__DUPLICATE_METHOD_MATCH = YES;
				"CODE_SIGN_IDENTITY[sdk=iphoneos*]" = "iPhone Developer";
				COPY_PHASE_STRIP = NO;
				DEBUG_INFORMATION_FORMAT = "dwarf-with-dsym";
				ENABLE_NS_ASSERTIONS = NO;
				ENABLE_STRICT_OBJC_MSGSEND = YES;
				GCC_C_LANGUAGE_STANDARD = gnu99;
				GCC_NO_COMMON_BLOCKS = YES;
				GCC_WARN_64_TO_32_BIT_CONVERSION = YES;
				GCC_WARN_ABOUT_RETURN_TYPE = YES_ERROR;
				GCC_WARN_UNDECLARED_SELECTOR = YES;
				GCC_WARN_UNINITIALIZED_AUTOS = YES_AGGRESSIVE;
				GCC_WARN_UNUSED_FUNCTION = YES;
				GCC_WARN_UNUSED_VARIABLE = YES;
				IPHONEOS_DEPLOYMENT_TARGET = 10.1;
				MTL_ENABLE_DEBUG_INFO = NO;
				SDKROOT = iphoneos;
				SWIFT_OPTIMIZATION_LEVEL = "-Owholemodule";
				TARGETED_DEVICE_FAMILY = "1,2";
				VALIDATE_PRODUCT = YES;
			};
			name = Release;
		};
		012842D31DC9E62400E81983 /* Debug */ = {
			isa = XCBuildConfiguration;
			buildSettings = {
				ASSETCATALOG_COMPILER_APPICON_NAME = AppIcon;
				INFOPLIST_FILE = Pokedex3/Info.plist;
				LD_RUNPATH_SEARCH_PATHS = "$(inherited) @executable_path/Frameworks";
				PRODUCT_BUNDLE_IDENTIFIER = PG.Pokedex3;
				PRODUCT_NAME = "$(TARGET_NAME)";
				SWIFT_VERSION = 3.0;
			};
			name = Debug;
		};
		012842D41DC9E62400E81983 /* Release */ = {
			isa = XCBuildConfiguration;
			buildSettings = {
				ASSETCATALOG_COMPILER_APPICON_NAME = AppIcon;
				INFOPLIST_FILE = Pokedex3/Info.plist;
				LD_RUNPATH_SEARCH_PATHS = "$(inherited) @executable_path/Frameworks";
				PRODUCT_BUNDLE_IDENTIFIER = PG.Pokedex3;
				PRODUCT_NAME = "$(TARGET_NAME)";
				SWIFT_VERSION = 3.0;
			};
			name = Release;
		};
/* End XCBuildConfiguration section */

/* Begin XCConfigurationList section */
		012842BB1DC9E62400E81983 /* Build configuration list for PBXProject "Pokedex3" */ = {
			isa = XCConfigurationList;
			buildConfigurations = (
				012842D01DC9E62400E81983 /* Debug */,
				012842D11DC9E62400E81983 /* Release */,
			);
			defaultConfigurationIsVisible = 0;
			defaultConfigurationName = Release;
		};
		012842D21DC9E62400E81983 /* Build configuration list for PBXNativeTarget "Pokedex3" */ = {
			isa = XCConfigurationList;
			buildConfigurations = (
				012842D31DC9E62400E81983 /* Debug */,
				012842D41DC9E62400E81983 /* Release */,
			);
			defaultConfigurationIsVisible = 0;
			defaultConfigurationName = Release;
		};
/* End XCConfigurationList section */
	};
	rootObject = 012842B81DC9E62400E81983 /* Project object */;
}
